
Microsoft Visual Studio Solution File, Format Version 12.00
# Visual Studio Version 17
VisualStudioVersion = 17.5.33516.290
MinimumVisualStudioVersion = 10.0.40219.1
Project("{2150E333-8FDC-42A3-9474-1A3956D46DE8}") = "src", "src", "{9A1EAC76-FDEB-47FA-B117-535C1E5C7A77}"
EndProject
Project("{9A19103F-16F7-4668-BE54-9A1E7A4F7556}") = "Exercise.Domain", "src\Exercise.Domain\Exercise.Domain.csproj", "{A8BDFDA5-22CE-47DB-8482-42A8F84761B2}"
EndProject
Project("{9A19103F-16F7-4668-BE54-9A1E7A4F7556}") = "Exercise", "src\Exercise\Exercise.csproj", "{A275924A-E8DB-4934-A333-37BCF72B3D33}"
EndProject
Project("{9A19103F-16F7-4668-BE54-9A1E7A4F7556}") = "Exercise.Data", "src\Exercise.Data\Exercise.Data.csproj", "{5EEA4383-4FB1-4E7B-BDBD-392CB484543C}"
EndProject
Project("{FAE04EC0-301F-11D3-BF4B-00C04F79EFBC}") = "Exercise.Common", "src\Exercise.Common\Exercise.Common.csproj", "{DF00B298-99CE-4137-A2DF-947A3CC97F11}"
EndProject
Global
	GlobalSection(SolutionConfigurationPlatforms) = preSolution
		Debug|Any CPU = Debug|Any CPU
		Release|Any CPU = Release|Any CPU
	EndGlobalSection
	GlobalSection(ProjectConfigurationPlatforms) = postSolution
		{A8BDFDA5-22CE-47DB-8482-42A8F84761B2}.Debug|Any CPU.ActiveCfg = Debug|Any CPU
		{A8BDFDA5-22CE-47DB-8482-42A8F84761B2}.Debug|Any CPU.Build.0 = Debug|Any CPU
		{A8BDFDA5-22CE-47DB-8482-42A8F84761B2}.Release|Any CPU.ActiveCfg = Release|Any CPU
		{A8BDFDA5-22CE-47DB-8482-42A8F84761B2}.Release|Any CPU.Build.0 = Release|Any CPU
		{A275924A-E8DB-4934-A333-37BCF72B3D33}.Debug|Any CPU.ActiveCfg = Debug|Any CPU
		{A275924A-E8DB-4934-A333-37BCF72B3D33}.Debug|Any CPU.Build.0 = Debug|Any CPU
		{A275924A-E8DB-4934-A333-37BCF72B3D33}.Release|Any CPU.ActiveCfg = Release|Any CPU
		{A275924A-E8DB-4934-A333-37BCF72B3D33}.Release|Any CPU.Build.0 = Release|Any CPU
		{5EEA4383-4FB1-4E7B-BDBD-392CB484543C}.Debug|Any CPU.ActiveCfg = Debug|Any CPU
		{5EEA4383-4FB1-4E7B-BDBD-392CB484543C}.Debug|Any CPU.Build.0 = Debug|Any CPU
		{5EEA4383-4FB1-4E7B-BDBD-392CB484543C}.Release|Any CPU.ActiveCfg = Release|Any CPU
		{5EEA4383-4FB1-4E7B-BDBD-392CB484543C}.Release|Any CPU.Build.0 = Release|Any CPU
		{DF00B298-99CE-4137-A2DF-947A3CC97F11}.Debug|Any CPU.ActiveCfg = Debug|Any CPU
		{DF00B298-99CE-4137-A2DF-947A3CC97F11}.Debug|Any CPU.Build.0 = Debug|Any CPU
		{DF00B298-99CE-4137-A2DF-947A3CC97F11}.Release|Any CPU.ActiveCfg = Release|Any CPU
		{DF00B298-99CE-4137-A2DF-947A3CC97F11}.Release|Any CPU.Build.0 = Release|Any CPU
	EndGlobalSection
	GlobalSection(SolutionProperties) = preSolution
		HideSolutionNode = FALSE
	EndGlobalSection
	GlobalSection(NestedProjects) = preSolution
		{A8BDFDA5-22CE-47DB-8482-42A8F84761B2} = {9A1EAC76-FDEB-47FA-B117-535C1E5C7A77}
		{A275924A-E8DB-4934-A333-37BCF72B3D33} = {9A1EAC76-FDEB-47FA-B117-535C1E5C7A77}
		{5EEA4383-4FB1-4E7B-BDBD-392CB484543C} = {9A1EAC76-FDEB-47FA-B117-535C1E5C7A77}
		{DF00B298-99CE-4137-A2DF-947A3CC97F11} = {9A1EAC76-FDEB-47FA-B117-535C1E5C7A77}
	EndGlobalSection
	GlobalSection(ExtensibilityGlobals) = postSolution
		SolutionGuid = {F0522A6B-48AD-45FA-96BE-F57972AE0988}
	EndGlobalSection
EndGlobal
